{
    "name": "cagov-accordion",
    "version": "1.0.0",
    "lockfileVersion": 1,
    "requires": true,
    "dependencies": {
        "@cagov/accordion": {
            "version": "2.0.0",
            "resolved": "https://registry.npmjs.org/@cagov/accordion/-/accordion-2.0.0.tgz",
            "integrity": "sha512-QnV7dpuUk8dfgIoiptTcqjMtES9W/IJ+tdfGMrEO+EM9zu3lA6NBBP3L1odAP7tdefPhZib+W/6OBjPM0iSREw=="
        }
    }
}
